
Microsoft Visual Studio Solution File, Format Version 12.00
# Visual Studio 15
VisualStudioVersion = 15.0.28307.852
MinimumVisualStudioVersion = 10.0.40219.1
Project("{FAE04EC0-301F-11D3-BF4B-00C04F79EFBC}") = "Enums", "Enums\Enums.csproj", "{12566EF9-A541-4ED6-823C-43E897731C4A}"
EndProject
Global
	GlobalSection(SolutionConfigurationPlatforms) = preSolution
		Debug|Any CPU = Debug|Any CPU
		Release|Any CPU = Release|Any CPU
	EndGlobalSection
	GlobalSection(ProjectConfigurationPlatforms) = postSolution
		{12566EF9-A541-4ED6-823C-43E897731C4A}.Debug|Any CPU.ActiveCfg = Debug|Any CPU
		{12566EF9-A541-4ED6-823C-43E897731C4A}.Debug|Any CPU.Build.0 = Debug|Any CPU
		{12566EF9-A541-4ED6-823C-43E897731C4A}.Release|Any CPU.ActiveCfg = Release|Any CPU
		{12566EF9-A541-4ED6-823C-43E897731C4A}.Release|Any CPU.Build.0 = Release|Any CPU
	EndGlobalSection
	GlobalSection(SolutionProperties) = preSolution
		HideSolutionNode = FALSE
	EndGlobalSection
	GlobalSection(ExtensibilityGlobals) = postSolution
		SolutionGuid = {012B944A-AC63-493D-94E8-6740E98C0F69}
	EndGlobalSection
EndGlobal
