
Microsoft Visual Studio Solution File, Format Version 12.00
# Visual Studio 15
VisualStudioVersion = 15.0.28307.852
MinimumVisualStudioVersion = 10.0.40219.1
Project("{FAE04EC0-301F-11D3-BF4B-00C04F79EFBC}") = "Threading", "Threading\Threading.csproj", "{78A7D722-BA5B-4386-AF78-A7E14551DFAF}"
EndProject
Global
	GlobalSection(SolutionConfigurationPlatforms) = preSolution
		Debug|Any CPU = Debug|Any CPU
		Release|Any CPU = Release|Any CPU
	EndGlobalSection
	GlobalSection(ProjectConfigurationPlatforms) = postSolution
		{78A7D722-BA5B-4386-AF78-A7E14551DFAF}.Debug|Any CPU.ActiveCfg = Debug|Any CPU
		{78A7D722-BA5B-4386-AF78-A7E14551DFAF}.Debug|Any CPU.Build.0 = Debug|Any CPU
		{78A7D722-BA5B-4386-AF78-A7E14551DFAF}.Release|Any CPU.ActiveCfg = Release|Any CPU
		{78A7D722-BA5B-4386-AF78-A7E14551DFAF}.Release|Any CPU.Build.0 = Release|Any CPU
	EndGlobalSection
	GlobalSection(SolutionProperties) = preSolution
		HideSolutionNode = FALSE
	EndGlobalSection
	GlobalSection(ExtensibilityGlobals) = postSolution
		SolutionGuid = {84BEF1EA-7978-4454-9CB5-EEF61D7BDAF1}
	EndGlobalSection
EndGlobal
